
Microsoft Visual Studio Solution File, Format Version 12.00
# Visual Studio Version 17
VisualStudioVersion = 17.11.35312.102
MinimumVisualStudioVersion = 10.0.40219.1
Project("{FAE04EC0-301F-11D3-BF4B-00C04F79EFBC}") = "Toppling", "Toppling\Toppling.csproj", "{3951EC94-3E02-4848-88F6-2E311444B654}"
EndProject
Global
	GlobalSection(SolutionConfigurationPlatforms) = preSolution
		Debug|Any CPU = Debug|Any CPU
		Release|Any CPU = Release|Any CPU
	EndGlobalSection
	GlobalSection(ProjectConfigurationPlatforms) = postSolution
		{3951EC94-3E02-4848-88F6-2E311444B654}.Debug|Any CPU.ActiveCfg = Debug|Any CPU
		{3951EC94-3E02-4848-88F6-2E311444B654}.Debug|Any CPU.Build.0 = Debug|Any CPU
		{3951EC94-3E02-4848-88F6-2E311444B654}.Release|Any CPU.ActiveCfg = Release|Any CPU
		{3951EC94-3E02-4848-88F6-2E311444B654}.Release|Any CPU.Build.0 = Release|Any CPU
	EndGlobalSection
	GlobalSection(SolutionProperties) = preSolution
		HideSolutionNode = FALSE
	EndGlobalSection
	GlobalSection(ExtensibilityGlobals) = postSolution
		SolutionGuid = {F5A971BC-A967-4FB0-964D-4CCAE89A0AF3}
	EndGlobalSection
EndGlobal
